{
  "requires": true,
  "lockfileVersion": 1,
  "dependencies": {
    "@babel/runtime": {
      "version": "7.14.8",
      "resolved": "https://registry.npmjs.org/@babel/runtime/-/runtime-7.14.8.tgz",
      "integrity": "sha512-twj3L8Og5SaCRCErB4x4ajbvBIVV77CGeFglHpeg5WC5FF8TZzBWXtTJ4MqaD9QszLYTtr+IsaAL2rEUevb+eg==",
      "requires": {
        "regenerator-runtime": "^0.13.4"
      }
    },
    "expand-tilde": {
      "version": "2.0.2",
      "resolved": "https://registry.npmjs.org/expand-tilde/-/expand-tilde-2.0.2.tgz",
      "integrity": "sha1-l+gBqgUt8CRU3kawK/YhZCzchQI=",
      "requires": {
        "homedir-polyfill": "^1.0.1"
      }
    },
    "gatsby-plugin-google-tagmanager": {
      "version": "3.10.0",
      "resolved": "https://registry.npmjs.org/gatsby-plugin-google-tagmanager/-/gatsby-plugin-google-tagmanager-3.10.0.tgz",
      "integrity": "sha512-/baf4jOQb7xOdsw72vUUKxLIAhjlkf8H6tBHpxOTCZ3Zfw79C1ItjTKxabT9RZBc8VokGmBVu4gdLpQ9gW80kQ==",
      "requires": {
        "@babel/runtime": "^7.14.6",
        "web-vitals": "^1.1.2"
      }
    },
    "global-modules": {
      "version": "1.0.0",
      "resolved": "https://registry.npmjs.org/global-modules/-/global-modules-1.0.0.tgz",
      "integrity": "sha512-sKzpEkf11GpOFuw0Zzjzmt4B4UZwjOcG757PPvrfhxcLFbq0wpsgpOqxpxtxFiCG4DtG93M6XRVbF2oGdev7bg==",
      "requires": {
        "global-prefix": "^1.0.1",
        "is-windows": "^1.0.1",
        "resolve-dir": "^1.0.0"
      }
    },
    "global-prefix": {
      "version": "1.0.2",
      "resolved": "https://registry.npmjs.org/global-prefix/-/global-prefix-1.0.2.tgz",
      "integrity": "sha1-2/dDxsFJklk8ZVVoy2btMsASLr4=",
      "requires": {
        "expand-tilde": "^2.0.2",
        "homedir-polyfill": "^1.0.1",
        "ini": "^1.3.4",
        "is-windows": "^1.0.1",
        "which": "^1.2.14"
      }
    },
    "homedir-polyfill": {
      "version": "1.0.3",
      "resolved": "https://registry.npmjs.org/homedir-polyfill/-/homedir-polyfill-1.0.3.tgz",
      "integrity": "sha512-eSmmWE5bZTK2Nou4g0AI3zZ9rswp7GRKoKXS1BLUkvPviOqs4YTN1djQIqrXy9k5gEtdLPy86JjRwsNM9tnDcA==",
      "requires": {
        "parse-passwd": "^1.0.0"
      }
    },
    "ini": {
      "version": "1.3.5",
      "resolved": "https://registry.npmjs.org/ini/-/ini-1.3.5.tgz",
      "integrity": "sha512-RZY5huIKCMRWDUqZlEi72f/lmXKMvuszcMBduliQ3nnWbx9X/ZBQO7DijMEYS9EhHBb2qacRUMtC7svLwe0lcw=="
    },
    "is-windows": {
      "version": "1.0.2",
      "resolved": "https://registry.npmjs.org/is-windows/-/is-windows-1.0.2.tgz",
      "integrity": "sha512-eXK1UInq2bPmjyX6e3VHIzMLobc4J94i4AWn+Hpq3OU5KkrRC96OAcR3PRJ/pGu6m8TRnBHP9dkXQVsT/COVIA=="
    },
    "isexe": {
      "version": "2.0.0",
      "resolved": "https://registry.npmjs.org/isexe/-/isexe-2.0.0.tgz",
      "integrity": "sha1-6PvzdNxVb/iUehDcsFctYz8s+hA="
    },
    "parse-passwd": {
      "version": "1.0.0",
      "resolved": "https://registry.npmjs.org/parse-passwd/-/parse-passwd-1.0.0.tgz",
      "integrity": "sha1-bVuTSkVpk7I9N/QKOC1vFmao5cY="
    },
    "regenerator-runtime": {
      "version": "0.13.9",
      "resolved": "https://registry.npmjs.org/regenerator-runtime/-/regenerator-runtime-0.13.9.tgz",
      "integrity": "sha512-p3VT+cOEgxFsRRA9X4lkI1E+k2/CtnKtU4gcxyaCUreilL/vqI6CdZ3wxVUx3UOUg+gnUOQQcRI7BmSI656MYA=="
    },
    "resolve-dir": {
      "version": "1.0.1",
      "resolved": "https://registry.npmjs.org/resolve-dir/-/resolve-dir-1.0.1.tgz",
      "integrity": "sha1-eaQGRMNivoLybv/nOcm7U4IEb0M=",
      "requires": {
        "expand-tilde": "^2.0.0",
        "global-modules": "^1.0.0"
      }
    },
    "web-vitals": {
      "version": "1.1.2",
      "resolved": "https://registry.npmjs.org/web-vitals/-/web-vitals-1.1.2.tgz",
      "integrity": "sha512-PFMKIY+bRSXlMxVAQ+m2aw9c/ioUYfDgrYot0YUa+/xa0sakubWhSDyxAKwzymvXVdF4CZI71g06W+mqhzu6ig=="
    },
    "which": {
      "version": "1.3.1",
      "resolved": "https://registry.npmjs.org/which/-/which-1.3.1.tgz",
      "integrity": "sha512-HxJdYWq1MTIQbJ3nw0cqssHoTNU267KlrDuGZ1WYlxDStUtKUhOaJmh112/TZmHxxUfuJqPXSOm7tDyas0OSIQ==",
      "requires": {
        "isexe": "^2.0.0"
      }
    }
  }
}
